
Microsoft Visual Studio Solution File, Format Version 12.00
# Visual Studio Version 16
VisualStudioVersion = 16.0.32106.194
MinimumVisualStudioVersion = 10.0.40219.1
Project("{FAE04EC0-301F-11D3-BF4B-00C04F79EFBC}") = "EquipmentTracking", "EquipmentTracking.csproj", "{58FE521E-A601-47E3-8BCB-CC3443D85398}"
EndProject
Global
	GlobalSection(SolutionConfigurationPlatforms) = preSolution
		Debug|Any CPU = Debug|Any CPU
		Release|Any CPU = Release|Any CPU
	EndGlobalSection
	GlobalSection(ProjectConfigurationPlatforms) = postSolution
		{58FE521E-A601-47E3-8BCB-CC3443D85398}.Debug|Any CPU.ActiveCfg = Debug|Any CPU
		{58FE521E-A601-47E3-8BCB-CC3443D85398}.Debug|Any CPU.Build.0 = Debug|Any CPU
		{58FE521E-A601-47E3-8BCB-CC3443D85398}.Release|Any CPU.ActiveCfg = Release|Any CPU
		{58FE521E-A601-47E3-8BCB-CC3443D85398}.Release|Any CPU.Build.0 = Release|Any CPU
	EndGlobalSection
	GlobalSection(SolutionProperties) = preSolution
		HideSolutionNode = FALSE
	EndGlobalSection
	GlobalSection(ExtensibilityGlobals) = postSolution
		SolutionGuid = {5C3B2FC4-3440-4601-AA1B-D92620A7B987}
	EndGlobalSection
EndGlobal
